
Microsoft Visual Studio Solution File, Format Version 12.00
# Visual Studio 14
VisualStudioVersion = 14.0.25420.1
MinimumVisualStudioVersion = 10.0.40219.1
Project("{FAE04EC0-301F-11D3-BF4B-00C04F79EFBC}") = "SimpleBeautyWebsite", "SimpleBeautyWebsite\SimpleBeautyWebsite.csproj", "{92EDC0E1-61E3-43CE-819A-3E40130C3829}"
EndProject
Global
	GlobalSection(SolutionConfigurationPlatforms) = preSolution
		Debug|Any CPU = Debug|Any CPU
		Release|Any CPU = Release|Any CPU
	EndGlobalSection
	GlobalSection(ProjectConfigurationPlatforms) = postSolution
		{92EDC0E1-61E3-43CE-819A-3E40130C3829}.Debug|Any CPU.ActiveCfg = Debug|Any CPU
		{92EDC0E1-61E3-43CE-819A-3E40130C3829}.Debug|Any CPU.Build.0 = Debug|Any CPU
		{92EDC0E1-61E3-43CE-819A-3E40130C3829}.Release|Any CPU.ActiveCfg = Release|Any CPU
		{92EDC0E1-61E3-43CE-819A-3E40130C3829}.Release|Any CPU.Build.0 = Release|Any CPU
	EndGlobalSection
	GlobalSection(SolutionProperties) = preSolution
		HideSolutionNode = FALSE
	EndGlobalSection
EndGlobal
